
Microsoft Visual Studio Solution File, Format Version 12.00
# Visual Studio Version 17
VisualStudioVersion = 17.9.34728.123
MinimumVisualStudioVersion = 10.0.40219.1
Project("{9A19103F-16F7-4668-BE54-9A1E7A4F7556}") = "valet_dashboard", "valet_dashboard.csproj", "{5AF9C9FE-E65B-4EE4-B49A-10262A65BB10}"
EndProject
Global
	GlobalSection(SolutionConfigurationPlatforms) = preSolution
		Debug|Any CPU = Debug|Any CPU
		Release|Any CPU = Release|Any CPU
	EndGlobalSection
	GlobalSection(ProjectConfigurationPlatforms) = postSolution
		{5AF9C9FE-E65B-4EE4-B49A-10262A65BB10}.Debug|Any CPU.ActiveCfg = Debug|Any CPU
		{5AF9C9FE-E65B-4EE4-B49A-10262A65BB10}.Debug|Any CPU.Build.0 = Debug|Any CPU
		{5AF9C9FE-E65B-4EE4-B49A-10262A65BB10}.Release|Any CPU.ActiveCfg = Release|Any CPU
		{5AF9C9FE-E65B-4EE4-B49A-10262A65BB10}.Release|Any CPU.Build.0 = Release|Any CPU
	EndGlobalSection
	GlobalSection(SolutionProperties) = preSolution
		HideSolutionNode = FALSE
	EndGlobalSection
	GlobalSection(ExtensibilityGlobals) = postSolution
		SolutionGuid = {F0F4F894-5613-4129-BB6C-14898954C4E2}
	EndGlobalSection
EndGlobal
