
Microsoft Visual Studio Solution File, Format Version 12.00
# Visual Studio Version 17
VisualStudioVersion = 17.8.34511.84
MinimumVisualStudioVersion = 10.0.40219.1
Project("{FAE04EC0-301F-11D3-BF4B-00C04F79EFBC}") = "Valet_Dashboard", "Valet_Dashboard.csproj", "{B6B2C4EB-4357-4429-A54E-E97443F94D66}"
EndProject
Global
	GlobalSection(SolutionConfigurationPlatforms) = preSolution
		Debug|Any CPU = Debug|Any CPU
		Release|Any CPU = Release|Any CPU
	EndGlobalSection
	GlobalSection(ProjectConfigurationPlatforms) = postSolution
		{B6B2C4EB-4357-4429-A54E-E97443F94D66}.Debug|Any CPU.ActiveCfg = Debug|Any CPU
		{B6B2C4EB-4357-4429-A54E-E97443F94D66}.Debug|Any CPU.Build.0 = Debug|Any CPU
		{B6B2C4EB-4357-4429-A54E-E97443F94D66}.Release|Any CPU.ActiveCfg = Release|Any CPU
		{B6B2C4EB-4357-4429-A54E-E97443F94D66}.Release|Any CPU.Build.0 = Release|Any CPU
	EndGlobalSection
	GlobalSection(SolutionProperties) = preSolution
		HideSolutionNode = FALSE
	EndGlobalSection
	GlobalSection(ExtensibilityGlobals) = postSolution
		SolutionGuid = {32BC1D34-1023-4E4A-B6BC-C411FFF1B07B}
	EndGlobalSection
EndGlobal
